
Microsoft Visual Studio Solution File, Format Version 12.00
# Visual Studio Version 16
VisualStudioVersion = 16.0.30320.27
MinimumVisualStudioVersion = 10.0.40219.1
Project("{FAE04EC0-301F-11D3-BF4B-00C04F79EFBC}") = "Informatica.Negocio", "Informatica.Negocio\Informatica.Negocio.csproj", "{DF07A4C6-043F-43BD-B82A-50A37D726DD5}"
EndProject
Project("{FAE04EC0-301F-11D3-BF4B-00C04F79EFBC}") = "Informatica.NegocioTest", "Informatica.NegocioTest\Informatica.NegocioTest.csproj", "{68A90380-DEA5-459C-97C5-376BF7A1842A}"
EndProject
Global
	GlobalSection(SolutionConfigurationPlatforms) = preSolution
		Debug|Any CPU = Debug|Any CPU
		Release|Any CPU = Release|Any CPU
	EndGlobalSection
	GlobalSection(ProjectConfigurationPlatforms) = postSolution
		{DF07A4C6-043F-43BD-B82A-50A37D726DD5}.Debug|Any CPU.ActiveCfg = Debug|Any CPU
		{DF07A4C6-043F-43BD-B82A-50A37D726DD5}.Debug|Any CPU.Build.0 = Debug|Any CPU
		{DF07A4C6-043F-43BD-B82A-50A37D726DD5}.Release|Any CPU.ActiveCfg = Release|Any CPU
		{DF07A4C6-043F-43BD-B82A-50A37D726DD5}.Release|Any CPU.Build.0 = Release|Any CPU
		{68A90380-DEA5-459C-97C5-376BF7A1842A}.Debug|Any CPU.ActiveCfg = Debug|Any CPU
		{68A90380-DEA5-459C-97C5-376BF7A1842A}.Debug|Any CPU.Build.0 = Debug|Any CPU
		{68A90380-DEA5-459C-97C5-376BF7A1842A}.Release|Any CPU.ActiveCfg = Release|Any CPU
		{68A90380-DEA5-459C-97C5-376BF7A1842A}.Release|Any CPU.Build.0 = Release|Any CPU
	EndGlobalSection
	GlobalSection(SolutionProperties) = preSolution
		HideSolutionNode = FALSE
	EndGlobalSection
	GlobalSection(ExtensibilityGlobals) = postSolution
		SolutionGuid = {94CB2995-44BA-4E76-B87C-4EA0DB6B9CAB}
	EndGlobalSection
EndGlobal
